
Microsoft Visual Studio Solution File, Format Version 12.00
# Visual Studio Version 17
VisualStudioVersion = 17.14.36623.8 d17.14
MinimumVisualStudioVersion = 10.0.40219.1
Project("{FAE04EC0-301F-11D3-BF4B-00C04F79EFBC}") = "Laboratorio16-1", "Laboratorio16-1\Laboratorio16-1.csproj", "{45C28BA6-8865-4C7F-A2FC-39DE6EDDA9D0}"
EndProject
Project("{FAE04EC0-301F-11D3-BF4B-00C04F79EFBC}") = "Laboratorio16-2", "Laboratorio16-2\Laboratorio16-2.csproj", "{0EB3D0C3-471E-42B1-BC7C-FCC97AB71572}"
EndProject
Global
	GlobalSection(SolutionConfigurationPlatforms) = preSolution
		Debug|Any CPU = Debug|Any CPU
		Release|Any CPU = Release|Any CPU
	EndGlobalSection
	GlobalSection(ProjectConfigurationPlatforms) = postSolution
		{45C28BA6-8865-4C7F-A2FC-39DE6EDDA9D0}.Debug|Any CPU.ActiveCfg = Debug|Any CPU
		{45C28BA6-8865-4C7F-A2FC-39DE6EDDA9D0}.Debug|Any CPU.Build.0 = Debug|Any CPU
		{45C28BA6-8865-4C7F-A2FC-39DE6EDDA9D0}.Release|Any CPU.ActiveCfg = Release|Any CPU
		{45C28BA6-8865-4C7F-A2FC-39DE6EDDA9D0}.Release|Any CPU.Build.0 = Release|Any CPU
		{0EB3D0C3-471E-42B1-BC7C-FCC97AB71572}.Debug|Any CPU.ActiveCfg = Debug|Any CPU
		{0EB3D0C3-471E-42B1-BC7C-FCC97AB71572}.Debug|Any CPU.Build.0 = Debug|Any CPU
		{0EB3D0C3-471E-42B1-BC7C-FCC97AB71572}.Release|Any CPU.ActiveCfg = Release|Any CPU
		{0EB3D0C3-471E-42B1-BC7C-FCC97AB71572}.Release|Any CPU.Build.0 = Release|Any CPU
	EndGlobalSection
	GlobalSection(SolutionProperties) = preSolution
		HideSolutionNode = FALSE
	EndGlobalSection
	GlobalSection(ExtensibilityGlobals) = postSolution
		SolutionGuid = {02F67F4D-9FE7-472C-BB9B-56909975F038}
	EndGlobalSection
EndGlobal
