
Microsoft Visual Studio Solution File, Format Version 12.00
# Visual Studio Version 17
VisualStudioVersion = 17.11.35312.102
MinimumVisualStudioVersion = 10.0.40219.1
Project("{FAE04EC0-301F-11D3-BF4B-00C04F79EFBC}") = "Laboratorio 7-1", "Laboratorio 7-1.csproj", "{9AF3C838-2161-4D98-98F2-C3096ECE1D7D}"
EndProject
Project("{FAE04EC0-301F-11D3-BF4B-00C04F79EFBC}") = "Laboratorio 7-2", "..\Laboratorio 7-2\Laboratorio 7-2.csproj", "{107B2B36-8416-4793-A83D-6A6DEECBCF4A}"
EndProject
Global
	GlobalSection(SolutionConfigurationPlatforms) = preSolution
		Debug|Any CPU = Debug|Any CPU
		Release|Any CPU = Release|Any CPU
	EndGlobalSection
	GlobalSection(ProjectConfigurationPlatforms) = postSolution
		{9AF3C838-2161-4D98-98F2-C3096ECE1D7D}.Debug|Any CPU.ActiveCfg = Debug|Any CPU
		{9AF3C838-2161-4D98-98F2-C3096ECE1D7D}.Debug|Any CPU.Build.0 = Debug|Any CPU
		{9AF3C838-2161-4D98-98F2-C3096ECE1D7D}.Release|Any CPU.ActiveCfg = Release|Any CPU
		{9AF3C838-2161-4D98-98F2-C3096ECE1D7D}.Release|Any CPU.Build.0 = Release|Any CPU
		{107B2B36-8416-4793-A83D-6A6DEECBCF4A}.Debug|Any CPU.ActiveCfg = Debug|Any CPU
		{107B2B36-8416-4793-A83D-6A6DEECBCF4A}.Debug|Any CPU.Build.0 = Debug|Any CPU
		{107B2B36-8416-4793-A83D-6A6DEECBCF4A}.Release|Any CPU.ActiveCfg = Release|Any CPU
		{107B2B36-8416-4793-A83D-6A6DEECBCF4A}.Release|Any CPU.Build.0 = Release|Any CPU
	EndGlobalSection
	GlobalSection(SolutionProperties) = preSolution
		HideSolutionNode = FALSE
	EndGlobalSection
	GlobalSection(ExtensibilityGlobals) = postSolution
		SolutionGuid = {CBE09531-F826-43BA-9807-8E7350460437}
	EndGlobalSection
EndGlobal
