
Microsoft Visual Studio Solution File, Format Version 12.00
# Visual Studio Version 17
VisualStudioVersion = 17.14.36623.8 d17.14
MinimumVisualStudioVersion = 10.0.40219.1
Project("{FAE04EC0-301F-11D3-BF4B-00C04F79EFBC}") = "CafeteriaWebAPI", "CafeteriaWebAPI\CafeteriaWebAPI.csproj", "{31EB9284-9E36-482B-BB74-8A18FF3B4F00}"
EndProject
Project("{FAE04EC0-301F-11D3-BF4B-00C04F79EFBC}") = "CafeteriaWebForms", "..\CafeteriaWebForms\CafeteriaWebForms.csproj", "{1F4F67CE-4BEA-47CA-BE7A-48646ECE7A72}"
EndProject
Global
	GlobalSection(SolutionConfigurationPlatforms) = preSolution
		Debug|Any CPU = Debug|Any CPU
		Release|Any CPU = Release|Any CPU
	EndGlobalSection
	GlobalSection(ProjectConfigurationPlatforms) = postSolution
		{31EB9284-9E36-482B-BB74-8A18FF3B4F00}.Debug|Any CPU.ActiveCfg = Debug|Any CPU
		{31EB9284-9E36-482B-BB74-8A18FF3B4F00}.Debug|Any CPU.Build.0 = Debug|Any CPU
		{31EB9284-9E36-482B-BB74-8A18FF3B4F00}.Release|Any CPU.ActiveCfg = Release|Any CPU
		{31EB9284-9E36-482B-BB74-8A18FF3B4F00}.Release|Any CPU.Build.0 = Release|Any CPU
		{1F4F67CE-4BEA-47CA-BE7A-48646ECE7A72}.Debug|Any CPU.ActiveCfg = Debug|Any CPU
		{1F4F67CE-4BEA-47CA-BE7A-48646ECE7A72}.Debug|Any CPU.Build.0 = Debug|Any CPU
		{1F4F67CE-4BEA-47CA-BE7A-48646ECE7A72}.Release|Any CPU.ActiveCfg = Release|Any CPU
		{1F4F67CE-4BEA-47CA-BE7A-48646ECE7A72}.Release|Any CPU.Build.0 = Release|Any CPU
	EndGlobalSection
	GlobalSection(SolutionProperties) = preSolution
		HideSolutionNode = FALSE
	EndGlobalSection
	GlobalSection(ExtensibilityGlobals) = postSolution
		SolutionGuid = {5128AD72-0143-41A1-BF9A-12140EB381A3}
	EndGlobalSection
EndGlobal
